Microsoft Visual Studio Solution File, Format Version 12.00
# Visual Studio Version 17
VisualStudioVersion = 17.5.2.0
MinimumVisualStudioVersion = 10.0.40219.1
Project("{FAE04EC0-301F-11D3-BF4B-00C04F79EFBC}") = "dkprojec", "dkprojec.csproj", "{C4223247-6EB6-A561-4B16-13CC8CD8D2C3}"
EndProject
Global
	GlobalSection(SolutionConfigurationPlatforms) = preSolution
		Debug|Any CPU = Debug|Any CPU
		Release|Any CPU = Release|Any CPU
	EndGlobalSection
	GlobalSection(ProjectConfigurationPlatforms) = postSolution
		{C4223247-6EB6-A561-4B16-13CC8CD8D2C3}.Debug|Any CPU.ActiveCfg = Debug|Any CPU
		{C4223247-6EB6-A561-4B16-13CC8CD8D2C3}.Debug|Any CPU.Build.0 = Debug|Any CPU
		{C4223247-6EB6-A561-4B16-13CC8CD8D2C3}.Release|Any CPU.ActiveCfg = Release|Any CPU
		{C4223247-6EB6-A561-4B16-13CC8CD8D2C3}.Release|Any CPU.Build.0 = Release|Any CPU
	EndGlobalSection
	GlobalSection(SolutionProperties) = preSolution
		HideSolutionNode = FALSE
	EndGlobalSection
	GlobalSection(ExtensibilityGlobals) = postSolution
		SolutionGuid = {524D9922-46DC-41E2-8DCA-B3CC160AD049}
	EndGlobalSection
EndGlobal
